
Microsoft Visual Studio Solution File, Format Version 12.00
# Visual Studio 2013
VisualStudioVersion = 12.0.21005.1
MinimumVisualStudioVersion = 10.0.40219.1
Project("{FAE04EC0-301F-11D3-BF4B-00C04F79EFBC}") = "iHomepage", "iHomepage\iHomepage.csproj", "{A76962DB-0A1F-4602-BC1D-9C1913A7E8ED}"
EndProject
Project("{FAE04EC0-301F-11D3-BF4B-00C04F79EFBC}") = "iHomepage.Tests", "iHomepage.Tests\iHomepage.Tests.csproj", "{7AA46E9A-B499-402D-9F81-F39B1A9C1007}"
EndProject
Global
	GlobalSection(SolutionConfigurationPlatforms) = preSolution
		Debug|Any CPU = Debug|Any CPU
		Release|Any CPU = Release|Any CPU
	EndGlobalSection
	GlobalSection(ProjectConfigurationPlatforms) = postSolution
		{A76962DB-0A1F-4602-BC1D-9C1913A7E8ED}.Debug|Any CPU.ActiveCfg = Debug|Any CPU
		{A76962DB-0A1F-4602-BC1D-9C1913A7E8ED}.Debug|Any CPU.Build.0 = Debug|Any CPU
		{A76962DB-0A1F-4602-BC1D-9C1913A7E8ED}.Release|Any CPU.ActiveCfg = Release|Any CPU
		{A76962DB-0A1F-4602-BC1D-9C1913A7E8ED}.Release|Any CPU.Build.0 = Release|Any CPU
		{7AA46E9A-B499-402D-9F81-F39B1A9C1007}.Debug|Any CPU.ActiveCfg = Debug|Any CPU
		{7AA46E9A-B499-402D-9F81-F39B1A9C1007}.Debug|Any CPU.Build.0 = Debug|Any CPU
		{7AA46E9A-B499-402D-9F81-F39B1A9C1007}.Release|Any CPU.ActiveCfg = Release|Any CPU
		{7AA46E9A-B499-402D-9F81-F39B1A9C1007}.Release|Any CPU.Build.0 = Release|Any CPU
	EndGlobalSection
	GlobalSection(SolutionProperties) = preSolution
		HideSolutionNode = FALSE
	EndGlobalSection
EndGlobal
